// !$*UTF8*$!
{
	archiveVersion = 1;
	classes = {
	};
	objectVersion = 55;
	objects = {

/* Begin PBXBuildFile section */
		E34511F72873E5E400567115 /* SearchResultsViewController.swift in Sources */ = {isa = PBXBuildFile; fileRef = E34511F62873E5E400567115 /* SearchResultsViewController.swift */; };
		E398A3AD28728C020041318B /* SDWebImage in Frameworks */ = {isa = PBXBuildFile; productRef = E398A3AC28728C020041318B /* SDWebImage */; };
		E398A3AF28728C020041318B /* SDWebImageMapKit in Frameworks */ = {isa = PBXBuildFile; productRef = E398A3AE28728C020041318B /* SDWebImageMapKit */; };
		E39BDBF6286C34B600993A15 /* AppDelegate.swift in Sources */ = {isa = PBXBuildFile; fileRef = E39BDBF5286C34B600993A15 /* AppDelegate.swift */; };
		E39BDBF8286C34B600993A15 /* SceneDelegate.swift in Sources */ = {isa = PBXBuildFile; fileRef = E39BDBF7286C34B600993A15 /* SceneDelegate.swift */; };
		E39BDBFA286C34B600993A15 /* MainTabBarViewController.swift in Sources */ = {isa = PBXBuildFile; fileRef = E39BDBF9286C34B600993A15 /* MainTabBarViewController.swift */; };
		E39BDBFF286C34B800993A15 /* Assets.xcassets in Resources */ = {isa = PBXBuildFile; fileRef = E39BDBFE286C34B800993A15 /* Assets.xcassets */; };
		E39BDC02286C34B800993A15 /* LaunchScreen.storyboard in Resources */ = {isa = PBXBuildFile; fileRef = E39BDC00286C34B800993A15 /* LaunchScreen.storyboard */; };
		E39BDC0D286C34B800993A15 /* MoviesTests.swift in Sources */ = {isa = PBXBuildFile; fileRef = E39BDC0C286C34B800993A15 /* MoviesTests.swift */; };
		E39BDC17286C34B800993A15 /* MoviesUITests.swift in Sources */ = {isa = PBXBuildFile; fileRef = E39BDC16286C34B800993A15 /* MoviesUITests.swift */; };
		E39BDC19286C34B800993A15 /* MoviesUITestsLaunchTests.swift in Sources */ = {isa = PBXBuildFile; fileRef = E39BDC18286C34B800993A15 /* MoviesUITestsLaunchTests.swift */; };
		E39BDC27286C3A1200993A15 /* HomeViewController.swift in Sources */ = {isa = PBXBuildFile; fileRef = E39BDC26286C3A1200993A15 /* HomeViewController.swift */; };
		E39BDC29286C3ADD00993A15 /* UpComingViewController.swift in Sources */ = {isa = PBXBuildFile; fileRef = E39BDC28286C3ADD00993A15 /* UpComingViewController.swift */; };
		E39BDC2B286C3B1000993A15 /* SearchViewController.swift in Sources */ = {isa = PBXBuildFile; fileRef = E39BDC2A286C3B1000993A15 /* SearchViewController.swift */; };
		E39BDC2D286C3B3B00993A15 /* DownloadsViewController.swift in Sources */ = {isa = PBXBuildFile; fileRef = E39BDC2C286C3B3B00993A15 /* DownloadsViewController.swift */; };
		E39BDC34286C4B8200993A15 /* CollectionViewTableViewCell.swift in Sources */ = {isa = PBXBuildFile; fileRef = E39BDC33286C4B8200993A15 /* CollectionViewTableViewCell.swift */; };
		E39BDC37286C539300993A15 /* SnapKit in Frameworks */ = {isa = PBXBuildFile; productRef = E39BDC36286C539300993A15 /* SnapKit */; };
		E39BDC39286D414200993A15 /* HeroHeaderUIView.swift in Sources */ = {isa = PBXBuildFile; fileRef = E39BDC38286D414200993A15 /* HeroHeaderUIView.swift */; };
		E39BDC3B286DB63100993A15 /* APICaller.swift in Sources */ = {isa = PBXBuildFile; fileRef = E39BDC3A286DB63100993A15 /* APICaller.swift */; };
		E39BDC3D286EE46800993A15 /* Title.swift in Sources */ = {isa = PBXBuildFile; fileRef = E39BDC3C286EE46800993A15 /* Title.swift */; };
		E39BDC3F286EF59B00993A15 /* Extensions.swift in Sources */ = {isa = PBXBuildFile; fileRef = E39BDC3E286EF59B00993A15 /* Extensions.swift */; };
		E39BDC41286EFD6B00993A15 /* TitleCollectionViewCell.swift in Sources */ = {isa = PBXBuildFile; fileRef = E39BDC40286EFD6B00993A15 /* TitleCollectionViewCell.swift */; };
		E39DE98B28742BF200DC218E /* MoviesRepositoryProtocol.swift in Sources */ = {isa = PBXBuildFile; fileRef = E39DE98A28742BF200DC218E /* MoviesRepositoryProtocol.swift */; };
		E39DE98D2874399300DC218E /* MoviesRepositoryImpl.swift in Sources */ = {isa = PBXBuildFile; fileRef = E39DE98C2874399300DC218E /* MoviesRepositoryImpl.swift */; };
		E39DE98F2874478100DC218E /* SearchViewModel.swift in Sources */ = {isa = PBXBuildFile; fileRef = E39DE98E2874478100DC218E /* SearchViewModel.swift */; };
		E39DE9912875923500DC218E /* SearchResultViewModel.swift in Sources */ = {isa = PBXBuildFile; fileRef = E39DE9902875923500DC218E /* SearchResultViewModel.swift */; };
		E39DE9932876EA5D00DC218E /* YoutubeSearchResponse.swift in Sources */ = {isa = PBXBuildFile; fileRef = E39DE9922876EA5D00DC218E /* YoutubeSearchResponse.swift */; };
		E39DE9952877D64C00DC218E /* TitlePreviewDetail.swift in Sources */ = {isa = PBXBuildFile; fileRef = E39DE9942877D64C00DC218E /* TitlePreviewDetail.swift */; };
		E39DE9972877DC2F00DC218E /* TitlePreviewDetailViewController.swift in Sources */ = {isa = PBXBuildFile; fileRef = E39DE9962877DC2F00DC218E /* TitlePreviewDetailViewController.swift */; };
		E3D095A02872CC53003D86BA /* TitleTableViewCell.swift in Sources */ = {isa = PBXBuildFile; fileRef = E3D0959F2872CC53003D86BA /* TitleTableViewCell.swift */; };
		E3D095A22872F9CB003D86BA /* TitlePreview.swift in Sources */ = {isa = PBXBuildFile; fileRef = E3D095A12872F9CB003D86BA /* TitlePreview.swift */; };
/* End PBXBuildFile section */

/* Begin PBXContainerItemProxy section */
		E39BDC09286C34B800993A15 /* PBXContainerItemProxy */ = {
			isa = PBXContainerItemProxy;
			containerPortal = E39BDBEA286C34B600993A15 /* Project object */;
			proxyType = 1;
			remoteGlobalIDString = E39BDBF1286C34B600993A15;
			remoteInfo = Movies;
		};
		E39BDC13286C34B800993A15 /* PBXContainerItemProxy */ = {
			isa = PBXContainerItemProxy;
			containerPortal = E39BDBEA286C34B600993A15 /* Project object */;
			proxyType = 1;
			remoteGlobalIDString = E39BDBF1286C34B600993A15;
			remoteInfo = Movies;
		};
/* End PBXContainerItemProxy section */

/* Begin PBXFileReference section */
		E34511F62873E5E400567115 /* SearchResultsViewController.swift */ = {isa = PBXFileReference; lastKnownFileType = sourcecode.swift; path = SearchResultsViewController.swift; sourceTree = "<group>"; };
		E39BDBF2286C34B600993A15 /* Movies.app */ = {isa = PBXFileReference; explicitFileType = wrapper.application; includeInIndex = 0; path = Movies.app; sourceTree = BUILT_PRODUCTS_DIR; };
		E39BDBF5286C34B600993A15 /* AppDelegate.swift */ = {isa = PBXFileReference; lastKnownFileType = sourcecode.swift; path = AppDelegate.swift; sourceTree = "<group>"; };
		E39BDBF7286C34B600993A15 /* SceneDelegate.swift */ = {isa = PBXFileReference; lastKnownFileType = sourcecode.swift; path = SceneDelegate.swift; sourceTree = "<group>"; };
		E39BDBF9286C34B600993A15 /* MainTabBarViewController.swift */ = {isa = PBXFileReference; lastKnownFileType = sourcecode.swift; path = MainTabBarViewController.swift; sourceTree = "<group>"; };
		E39BDBFE286C34B800993A15 /* Assets.xcassets */ = {isa = PBXFileReference; lastKnownFileType = folder.assetcatalog; path = Assets.xcassets; sourceTree = "<group>"; };
		E39BDC01286C34B800993A15 /* Base */ = {isa = PBXFileReference; lastKnownFileType = file.storyboard; name = Base; path = Base.lproj/LaunchScreen.storyboard; sourceTree = "<group>"; };
		E39BDC03286C34B800993A15 /* Info.plist */ = {isa = PBXFileReference; lastKnownFileType = text.plist.xml; path = Info.plist; sourceTree = "<group>"; };
		E39BDC08286C34B800993A15 /* MoviesTests.xctest */ = {isa = PBXFileReference; explicitFileType = wrapper.cfbundle; includeInIndex = 0; path = MoviesTests.xctest; sourceTree = BUILT_PRODUCTS_DIR; };
		E39BDC0C286C34B800993A15 /* MoviesTests.swift */ = {isa = PBXFileReference; lastKnownFileType = sourcecode.swift; path = MoviesTests.swift; sourceTree = "<group>"; };
		E39BDC12286C34B800993A15 /* MoviesUITests.xctest */ = {isa = PBXFileReference; explicitFileType = wrapper.cfbundle; includeInIndex = 0; path = MoviesUITests.xctest; sourceTree = BUILT_PRODUCTS_DIR; };
		E39BDC16286C34B800993A15 /* MoviesUITests.swift */ = {isa = PBXFileReference; lastKnownFileType = sourcecode.swift; path = MoviesUITests.swift; sourceTree = "<group>"; };
		E39BDC18286C34B800993A15 /* MoviesUITestsLaunchTests.swift */ = {isa = PBXFileReference; lastKnownFileType = sourcecode.swift; path = MoviesUITestsLaunchTests.swift; sourceTree = "<group>"; };
		E39BDC26286C3A1200993A15 /* HomeViewController.swift */ = {isa = PBXFileReference; lastKnownFileType = sourcecode.swift; path = HomeViewController.swift; sourceTree = "<group>"; };
		E39BDC28286C3ADD00993A15 /* UpComingViewController.swift */ = {isa = PBXFileReference; lastKnownFileType = sourcecode.swift; path = UpComingViewController.swift; sourceTree = "<group>"; };
		E39BDC2A286C3B1000993A15 /* SearchViewController.swift */ = {isa = PBXFileReference; lastKnownFileType = sourcecode.swift; path = SearchViewController.swift; sourceTree = "<group>"; };
		E39BDC2C286C3B3B00993A15 /* DownloadsViewController.swift */ = {isa = PBXFileReference; lastKnownFileType = sourcecode.swift; path = DownloadsViewController.swift; sourceTree = "<group>"; };
		E39BDC33286C4B8200993A15 /* CollectionViewTableViewCell.swift */ = {isa = PBXFileReference; lastKnownFileType = sourcecode.swift; path = CollectionViewTableViewCell.swift; sourceTree = "<group>"; };
		E39BDC38286D414200993A15 /* HeroHeaderUIView.swift */ = {isa = PBXFileReference; lastKnownFileType = sourcecode.swift; path = HeroHeaderUIView.swift; sourceTree = "<group>"; };
		E39BDC3A286DB63100993A15 /* APICaller.swift */ = {isa = PBXFileReference; lastKnownFileType = sourcecode.swift; path = APICaller.swift; sourceTree = "<group>"; };
		E39BDC3C286EE46800993A15 /* Title.swift */ = {isa = PBXFileReference; lastKnownFileType = sourcecode.swift; path = Title.swift; sourceTree = "<group>"; };
		E39BDC3E286EF59B00993A15 /* Extensions.swift */ = {isa = PBXFileReference; lastKnownFileType = sourcecode.swift; path = Extensions.swift; sourceTree = "<group>"; };
		E39BDC40286EFD6B00993A15 /* TitleCollectionViewCell.swift */ = {isa = PBXFileReference; lastKnownFileType = sourcecode.swift; path = TitleCollectionViewCell.swift; sourceTree = "<group>"; };
		E39DE98A28742BF200DC218E /* MoviesRepositoryProtocol.swift */ = {isa = PBXFileReference; lastKnownFileType = sourcecode.swift; path = MoviesRepositoryProtocol.swift; sourceTree = "<group>"; };
		E39DE98C2874399300DC218E /* MoviesRepositoryImpl.swift */ = {isa = PBXFileReference; lastKnownFileType = sourcecode.swift; path = MoviesRepositoryImpl.swift; sourceTree = "<group>"; };
		E39DE98E2874478100DC218E /* SearchViewModel.swift */ = {isa = PBXFileReference; lastKnownFileType = sourcecode.swift; path = SearchViewModel.swift; sourceTree = "<group>"; };
		E39DE9902875923500DC218E /* SearchResultViewModel.swift */ = {isa = PBXFileReference; lastKnownFileType = sourcecode.swift; path = SearchResultViewModel.swift; sourceTree = "<group>"; };
		E39DE9922876EA5D00DC218E /* YoutubeSearchResponse.swift */ = {isa = PBXFileReference; lastKnownFileType = sourcecode.swift; path = YoutubeSearchResponse.swift; sourceTree = "<group>"; };
		E39DE9942877D64C00DC218E /* TitlePreviewDetail.swift */ = {isa = PBXFileReference; lastKnownFileType = sourcecode.swift; path = TitlePreviewDetail.swift; sourceTree = "<group>"; };
		E39DE9962877DC2F00DC218E /* TitlePreviewDetailViewController.swift */ = {isa = PBXFileReference; lastKnownFileType = sourcecode.swift; path = TitlePreviewDetailViewController.swift; sourceTree = "<group>"; };
		E3D0959F2872CC53003D86BA /* TitleTableViewCell.swift */ = {isa = PBXFileReference; lastKnownFileType = sourcecode.swift; path = TitleTableViewCell.swift; sourceTree = "<group>"; };
		E3D095A12872F9CB003D86BA /* TitlePreview.swift */ = {isa = PBXFileReference; lastKnownFileType = sourcecode.swift; path = TitlePreview.swift; sourceTree = "<group>"; };
/* End PBXFileReference section */

/* Begin PBXFrameworksBuildPhase section */
		E39BDBEF286C34B600993A15 /* Frameworks */ = {
			isa = PBXFrameworksBuildPhase;
			buildActionMask = 2147483647;
			files = (
				E398A3AD28728C020041318B /* SDWebImage in Frameworks */,
				E398A3AF28728C020041318B /* SDWebImageMapKit in Frameworks */,
				E39BDC37286C539300993A15 /* SnapKit in Frameworks */,
			);
			runOnlyForDeploymentPostprocessing = 0;
		};
		E39BDC05286C34B800993A15 /* Frameworks */ = {
			isa = PBXFrameworksBuildPhase;
			buildActionMask = 2147483647;
			files = (
			);
			runOnlyForDeploymentPostprocessing = 0;
		};
		E39BDC0F286C34B800993A15 /* Frameworks */ = {
			isa = PBXFrameworksBuildPhase;
			buildActionMask = 2147483647;
			files = (
			);
			runOnlyForDeploymentPostprocessing = 0;
		};
/* End PBXFrameworksBuildPhase section */

/* Begin PBXGroup section */
		E39BDBE9286C34B600993A15 = {
			isa = PBXGroup;
			children = (
				E39BDBF4286C34B600993A15 /* Movies */,
				E39BDC0B286C34B800993A15 /* MoviesTests */,
				E39BDC15286C34B800993A15 /* MoviesUITests */,
				E39BDBF3286C34B600993A15 /* Products */,
			);
			sourceTree = "<group>";
		};
		E39BDBF3286C34B600993A15 /* Products */ = {
			isa = PBXGroup;
			children = (
				E39BDBF2286C34B600993A15 /* Movies.app */,
				E39BDC08286C34B800993A15 /* MoviesTests.xctest */,
				E39BDC12286C34B800993A15 /* MoviesUITests.xctest */,
			);
			name = Products;
			sourceTree = "<group>";
		};
		E39BDBF4286C34B600993A15 /* Movies */ = {
			isa = PBXGroup;
			children = (
				E39DE98828742BC700DC218E /* Data */,
				E39BDC32286C4B3300993A15 /* Managers */,
				E39BDC31286C4B2A00993A15 /* Resources */,
				E39BDC2F286C4B0100993A15 /* ViewModels */,
				E39BDC2E286C4AF900993A15 /* Views */,
				E39BDC25286C39D300993A15 /* Controllers */,
				E39BDBF5286C34B600993A15 /* AppDelegate.swift */,
				E39BDBF7286C34B600993A15 /* SceneDelegate.swift */,
				E39BDBFE286C34B800993A15 /* Assets.xcassets */,
				E39BDC00286C34B800993A15 /* LaunchScreen.storyboard */,
				E39BDC03286C34B800993A15 /* Info.plist */,
			);
			path = Movies;
			sourceTree = "<group>";
		};
		E39BDC0B286C34B800993A15 /* MoviesTests */ = {
			isa = PBXGroup;
			children = (
				E39BDC0C286C34B800993A15 /* MoviesTests.swift */,
			);
			path = MoviesTests;
			sourceTree = "<group>";
		};
		E39BDC15286C34B800993A15 /* MoviesUITests */ = {
			isa = PBXGroup;
			children = (
				E39BDC16286C34B800993A15 /* MoviesUITests.swift */,
				E39BDC18286C34B800993A15 /* MoviesUITestsLaunchTests.swift */,
			);
			path = MoviesUITests;
			sourceTree = "<group>";
		};
		E39BDC25286C39D300993A15 /* Controllers */ = {
			isa = PBXGroup;
			children = (
				E3D095A42873E501003D86BA /* Utils */,
				E3D095A32873E4F6003D86BA /* Core */,
			);
			path = Controllers;
			sourceTree = "<group>";
		};
		E39BDC2E286C4AF900993A15 /* Views */ = {
			isa = PBXGroup;
			children = (
				E39BDC33286C4B8200993A15 /* CollectionViewTableViewCell.swift */,
				E39BDC38286D414200993A15 /* HeroHeaderUIView.swift */,
				E39BDC40286EFD6B00993A15 /* TitleCollectionViewCell.swift */,
				E3D0959F2872CC53003D86BA /* TitleTableViewCell.swift */,
			);
			path = Views;
			sourceTree = "<group>";
		};
		E39BDC2F286C4B0100993A15 /* ViewModels */ = {
			isa = PBXGroup;
			children = (
				E39DE98E2874478100DC218E /* SearchViewModel.swift */,
				E39DE9902875923500DC218E /* SearchResultViewModel.swift */,
			);
			path = ViewModels;
			sourceTree = "<group>";
		};
		E39BDC30286C4B0700993A15 /* Models */ = {
			isa = PBXGroup;
			children = (
				E39BDC3C286EE46800993A15 /* Title.swift */,
				E3D095A12872F9CB003D86BA /* TitlePreview.swift */,
				E39DE9922876EA5D00DC218E /* YoutubeSearchResponse.swift */,
				E39DE9942877D64C00DC218E /* TitlePreviewDetail.swift */,
			);
			path = Models;
			sourceTree = "<group>";
		};
		E39BDC31286C4B2A00993A15 /* Resources */ = {
			isa = PBXGroup;
			children = (
				E39BDC3E286EF59B00993A15 /* Extensions.swift */,
			);
			path = Resources;
			sourceTree = "<group>";
		};
		E39BDC32286C4B3300993A15 /* Managers */ = {
			isa = PBXGroup;
			children = (
				E39BDC3A286DB63100993A15 /* APICaller.swift */,
			);
			path = Managers;
			sourceTree = "<group>";
		};
		E39DE98828742BC700DC218E /* Data */ = {
			isa = PBXGroup;
			children = (
				E39DE98928742BD300DC218E /* Repository */,
				E39BDC30286C4B0700993A15 /* Models */,
			);
			path = Data;
			sourceTree = "<group>";
		};
		E39DE98928742BD300DC218E /* Repository */ = {
			isa = PBXGroup;
			children = (
				E39DE98A28742BF200DC218E /* MoviesRepositoryProtocol.swift */,
				E39DE98C2874399300DC218E /* MoviesRepositoryImpl.swift */,
			);
			path = Repository;
			sourceTree = "<group>";
		};
		E3D095A32873E4F6003D86BA /* Core */ = {
			isa = PBXGroup;
			children = (
				E39BDBF9286C34B600993A15 /* MainTabBarViewController.swift */,
				E39BDC26286C3A1200993A15 /* HomeViewController.swift */,
				E39BDC28286C3ADD00993A15 /* UpComingViewController.swift */,
				E39BDC2A286C3B1000993A15 /* SearchViewController.swift */,
				E39BDC2C286C3B3B00993A15 /* DownloadsViewController.swift */,
			);
			path = Core;
			sourceTree = "<group>";
		};
		E3D095A42873E501003D86BA /* Utils */ = {
			isa = PBXGroup;
			children = (
				E34511F62873E5E400567115 /* SearchResultsViewController.swift */,
				E39DE9962877DC2F00DC218E /* TitlePreviewDetailViewController.swift */,
			);
			path = Utils;
			sourceTree = "<group>";
		};
/* End PBXGroup section */

/* Begin PBXNativeTarget section */
		E39BDBF1286C34B600993A15 /* Movies */ = {
			isa = PBXNativeTarget;
			buildConfigurationList = E39BDC1C286C34B800993A15 /* Build configuration list for PBXNativeTarget "Movies" */;
			buildPhases = (
				E39BDBEE286C34B600993A15 /* Sources */,
				E39BDBEF286C34B600993A15 /* Frameworks */,
				E39BDBF0286C34B600993A15 /* Resources */,
			);
			buildRules = (
			);
			dependencies = (
			);
			name = Movies;
			packageProductDependencies = (
				E39BDC36286C539300993A15 /* SnapKit */,
				E398A3AC28728C020041318B /* SDWebImage */,
				E398A3AE28728C020041318B /* SDWebImageMapKit */,
			);
			productName = Movies;
			productReference = E39BDBF2286C34B600993A15 /* Movies.app */;
			productType = "com.apple.product-type.application";
		};
		E39BDC07286C34B800993A15 /* MoviesTests */ = {
			isa = PBXNativeTarget;
			buildConfigurationList = E39BDC1F286C34B800993A15 /* Build configuration list for PBXNativeTarget "MoviesTests" */;
			buildPhases = (
				E39BDC04286C34B800993A15 /* Sources */,
				E39BDC05286C34B800993A15 /* Frameworks */,
				E39BDC06286C34B800993A15 /* Resources */,
			);
			buildRules = (
			);
			dependencies = (
				E39BDC0A286C34B800993A15 /* PBXTargetDependency */,
			);
			name = MoviesTests;
			productName = MoviesTests;
			productReference = E39BDC08286C34B800993A15 /* MoviesTests.xctest */;
			productType = "com.apple.product-type.bundle.unit-test";
		};
		E39BDC11286C34B800993A15 /* MoviesUITests */ = {
			isa = PBXNativeTarget;
			buildConfigurationList = E39BDC22286C34B800993A15 /* Build configuration list for PBXNativeTarget "MoviesUITests" */;
			buildPhases = (
				E39BDC0E286C34B800993A15 /* Sources */,
				E39BDC0F286C34B800993A15 /* Frameworks */,
				E39BDC10286C34B800993A15 /* Resources */,
			);
			buildRules = (
			);
			dependencies = (
				E39BDC14286C34B800993A15 /* PBXTargetDependency */,
			);
			name = MoviesUITests;
			productName = MoviesUITests;
			productReference = E39BDC12286C34B800993A15 /* MoviesUITests.xctest */;
			productType = "com.apple.product-type.bundle.ui-testing";
		};
/* End PBXNativeTarget section */

/* Begin PBXProject section */
		E39BDBEA286C34B600993A15 /* Project object */ = {
			isa = PBXProject;
			attributes = {
				BuildIndependentTargetsInParallel = 1;
				LastSwiftUpdateCheck = 1340;
				LastUpgradeCheck = 1340;
				TargetAttributes = {
					E39BDBF1286C34B600993A15 = {
						CreatedOnToolsVersion = 13.4.1;
					};
					E39BDC07286C34B800993A15 = {
						CreatedOnToolsVersion = 13.4.1;
						TestTargetID = E39BDBF1286C34B600993A15;
					};
					E39BDC11286C34B800993A15 = {
						CreatedOnToolsVersion = 13.4.1;
						TestTargetID = E39BDBF1286C34B600993A15;
					};
				};
			};
			buildConfigurationList = E39BDBED286C34B600993A15 /* Build configuration list for PBXProject "Movies" */;
			compatibilityVersion = "Xcode 13.0";
			developmentRegion = en;
			hasScannedForEncodings = 0;
			knownRegions = (
				en,
				Base,
			);
			mainGroup = E39BDBE9286C34B600993A15;
			packageReferences = (
				E39BDC35286C539300993A15 /* XCRemoteSwiftPackageReference "SnapKit" */,
				E398A3AB28728C020041318B /* XCRemoteSwiftPackageReference "SDWebImage" */,
			);
			productRefGroup = E39BDBF3286C34B600993A15 /* Products */;
			projectDirPath = "";
			projectRoot = "";
			targets = (
				E39BDBF1286C34B600993A15 /* Movies */,
				E39BDC07286C34B800993A15 /* MoviesTests */,
				E39BDC11286C34B800993A15 /* MoviesUITests */,
			);
		};
/* End PBXProject section */

/* Begin PBXResourcesBuildPhase section */
		E39BDBF0286C34B600993A15 /* Resources */ = {
			isa = PBXResourcesBuildPhase;
			buildActionMask = 2147483647;
			files = (
				E39BDC02286C34B800993A15 /* LaunchScreen.storyboard in Resources */,
				E39BDBFF286C34B800993A15 /* Assets.xcassets in Resources */,
			);
			runOnlyForDeploymentPostprocessing = 0;
		};
		E39BDC06286C34B800993A15 /* Resources */ = {
			isa = PBXResourcesBuildPhase;
			buildActionMask = 2147483647;
			files = (
			);
			runOnlyForDeploymentPostprocessing = 0;
		};
		E39BDC10286C34B800993A15 /* Resources */ = {
			isa = PBXResourcesBuildPhase;
			buildActionMask = 2147483647;
			files = (
			);
			runOnlyForDeploymentPostprocessing = 0;
		};
/* End PBXResourcesBuildPhase section */

/* Begin PBXSourcesBuildPhase section */
		E39BDBEE286C34B600993A15 /* Sources */ = {
			isa = PBXSourcesBuildPhase;
			buildActionMask = 2147483647;
			files = (
				E3D095A02872CC53003D86BA /* TitleTableViewCell.swift in Sources */,
				E39BDC2B286C3B1000993A15 /* SearchViewController.swift in Sources */,
				E39BDC41286EFD6B00993A15 /* TitleCollectionViewCell.swift in Sources */,
				E39DE9912875923500DC218E /* SearchResultViewModel.swift in Sources */,
				E39BDBFA286C34B600993A15 /* MainTabBarViewController.swift in Sources */,
				E39DE98F2874478100DC218E /* SearchViewModel.swift in Sources */,
				E39DE98D2874399300DC218E /* MoviesRepositoryImpl.swift in Sources */,
				E39BDC34286C4B8200993A15 /* CollectionViewTableViewCell.swift in Sources */,
				E39BDC3B286DB63100993A15 /* APICaller.swift in Sources */,
				E3D095A22872F9CB003D86BA /* TitlePreview.swift in Sources */,
				E39BDC39286D414200993A15 /* HeroHeaderUIView.swift in Sources */,
				E39BDC2D286C3B3B00993A15 /* DownloadsViewController.swift in Sources */,
				E39DE9932876EA5D00DC218E /* YoutubeSearchResponse.swift in Sources */,
				E34511F72873E5E400567115 /* SearchResultsViewController.swift in Sources */,
				E39BDBF6286C34B600993A15 /* AppDelegate.swift in Sources */,
				E39BDC3F286EF59B00993A15 /* Extensions.swift in Sources */,
				E39BDC29286C3ADD00993A15 /* UpComingViewController.swift in Sources */,
				E39BDBF8286C34B600993A15 /* SceneDelegate.swift in Sources */,
				E39DE9972877DC2F00DC218E /* TitlePreviewDetailViewController.swift in Sources */,
				E39DE98B28742BF200DC218E /* MoviesRepositoryProtocol.swift in Sources */,
				E39BDC3D286EE46800993A15 /* Title.swift in Sources */,
				E39DE9952877D64C00DC218E /* TitlePreviewDetail.swift in Sources */,
				E39BDC27286C3A1200993A15 /* HomeViewController.swift in Sources */,
			);
			runOnlyForDeploymentPostprocessing = 0;
		};
		E39BDC04286C34B800993A15 /* Sources */ = {
			isa = PBXSourcesBuildPhase;
			buildActionMask = 2147483647;
			files = (
				E39BDC0D286C34B800993A15 /* MoviesTests.swift in Sources */,
			);
			runOnlyForDeploymentPostprocessing = 0;
		};
		E39BDC0E286C34B800993A15 /* Sources */ = {
			isa = PBXSourcesBuildPhase;
			buildActionMask = 2147483647;
			files = (
				E39BDC17286C34B800993A15 /* MoviesUITests.swift in Sources */,
				E39BDC19286C34B800993A15 /* MoviesUITestsLaunchTests.swift in Sources */,
			);
			runOnlyForDeploymentPostprocessing = 0;
		};
/* End PBXSourcesBuildPhase section */

/* Begin PBXTargetDependency section */
		E39BDC0A286C34B800993A15 /* PBXTargetDependency */ = {
			isa = PBXTargetDependency;
			target = E39BDBF1286C34B600993A15 /* Movies */;
			targetProxy = E39BDC09286C34B800993A15 /* PBXContainerItemProxy */;
		};
		E39BDC14286C34B800993A15 /* PBXTargetDependency */ = {
			isa = PBXTargetDependency;
			target = E39BDBF1286C34B600993A15 /* Movies */;
			targetProxy = E39BDC13286C34B800993A15 /* PBXContainerItemProxy */;
		};
/* End PBXTargetDependency section */

/* Begin PBXVariantGroup section */
		E39BDC00286C34B800993A15 /* LaunchScreen.storyboard */ = {
			isa = PBXVariantGroup;
			children = (
				E39BDC01286C34B800993A15 /* Base */,
			);
			name = LaunchScreen.storyboard;
			sourceTree = "<group>";
		};
/* End PBXVariantGroup section */

/* Begin XCBuildConfiguration section */
		E39BDC1A286C34B800993A15 /* Debug */ = {
			isa = XCBuildConfiguration;
			buildSettings = {
				ALWAYS_SEARCH_USER_PATHS = NO;
				CLANG_ANALYZER_NONNULL = YES;
				CLANG_ANALYZER_NUMBER_OBJECT_CONVERSION = YES_AGGRESSIVE;
				CLANG_CXX_LANGUAGE_STANDARD = "gnu++17";
				CLANG_ENABLE_MODULES = YES;
				CLANG_ENABLE_OBJC_ARC = YES;
				CLANG_ENABLE_OBJC_WEAK = YES;
				CLANG_WARN_BLOCK_CAPTURE_AUTORELEASING = YES;
				CLANG_WARN_BOOL_CONVERSION = YES;
				CLANG_WARN_COMMA = YES;
				CLANG_WARN_CONSTANT_CONVERSION = YES;
				CLANG_WARN_DEPRECATED_OBJC_IMPLEMENTATIONS = YES;
				CLANG_WARN_DIRECT_OBJC_ISA_USAGE = YES_ERROR;
				CLANG_WARN_DOCUMENTATION_COMMENTS = YES;
				CLANG_WARN_EMPTY_BODY = YES;
				CLANG_WARN_ENUM_CONVERSION = YES;
				CLANG_WARN_INFINITE_RECURSION = YES;
				CLANG_WARN_INT_CONVERSION = YES;
				CLANG_WARN_NON_LITERAL_NULL_CONVERSION = YES;
				CLANG_WARN_OBJC_IMPLICIT_RETAIN_SELF = YES;
				CLANG_WARN_OBJC_LITERAL_CONVERSION = YES;
				CLANG_WARN_OBJC_ROOT_CLASS = YES_ERROR;
				CLANG_WARN_QUOTED_INCLUDE_IN_FRAMEWORK_HEADER = YES;
				CLANG_WARN_RANGE_LOOP_ANALYSIS = YES;
				CLANG_WARN_STRICT_PROTOTYPES = YES;
				CLANG_WARN_SUSPICIOUS_MOVE = YES;
				CLANG_WARN_UNGUARDED_AVAILABILITY = YES_AGGRESSIVE;
				CLANG_WARN_UNREACHABLE_CODE = YES;
				CLANG_WARN__DUPLICATE_METHOD_MATCH = YES;
				COPY_PHASE_STRIP = NO;
				DEBUG_INFORMATION_FORMAT = dwarf;
				ENABLE_STRICT_OBJC_MSGSEND = YES;
				ENABLE_TESTABILITY = YES;
				GCC_C_LANGUAGE_STANDARD = gnu11;
				GCC_DYNAMIC_NO_PIC = NO;
				GCC_NO_COMMON_BLOCKS = YES;
				GCC_OPTIMIZATION_LEVEL = 0;
				GCC_PREPROCESSOR_DEFINITIONS = (
					"DEBUG=1",
					"$(inherited)",
				);
				GCC_WARN_64_TO_32_BIT_CONVERSION = YES;
				GCC_WARN_ABOUT_RETURN_TYPE = YES_ERROR;
				GCC_WARN_UNDECLARED_SELECTOR = YES;
				GCC_WARN_UNINITIALIZED_AUTOS = YES_AGGRESSIVE;
				GCC_WARN_UNUSED_FUNCTION = YES;
				GCC_WARN_UNUSED_VARIABLE = YES;
				IPHONEOS_DEPLOYMENT_TARGET = 13.0;
				MTL_ENABLE_DEBUG_INFO = INCLUDE_SOURCE;
				MTL_FAST_MATH = YES;
				ONLY_ACTIVE_ARCH = YES;
				SDKROOT = iphoneos;
				SWIFT_ACTIVE_COMPILATION_CONDITIONS = DEBUG;
				SWIFT_OPTIMIZATION_LEVEL = "-Onone";
			};
			name = Debug;
		};
		E39BDC1B286C34B800993A15 /* Release */ = {
			isa = XCBuildConfiguration;
			buildSettings = {
				ALWAYS_SEARCH_USER_PATHS = NO;
				CLANG_ANALYZER_NONNULL = YES;
				CLANG_ANALYZER_NUMBER_OBJECT_CONVERSION = YES_AGGRESSIVE;
				CLANG_CXX_LANGUAGE_STANDARD = "gnu++17";
				CLANG_ENABLE_MODULES = YES;
				CLANG_ENABLE_OBJC_ARC = YES;
				CLANG_ENABLE_OBJC_WEAK = YES;
				CLANG_WARN_BLOCK_CAPTURE_AUTORELEASING = YES;
				CLANG_WARN_BOOL_CONVERSION = YES;
				CLANG_WARN_COMMA = YES;
				CLANG_WARN_CONSTANT_CONVERSION = YES;
				CLANG_WARN_DEPRECATED_OBJC_IMPLEMENTATIONS = YES;
				CLANG_WARN_DIRECT_OBJC_ISA_USAGE = YES_ERROR;
				CLANG_WARN_DOCUMENTATION_COMMENTS = YES;
				CLANG_WARN_EMPTY_BODY = YES;
				CLANG_WARN_ENUM_CONVERSION = YES;
				CLANG_WARN_INFINITE_RECURSION = YES;
				CLANG_WARN_INT_CONVERSION = YES;
				CLANG_WARN_NON_LITERAL_NULL_CONVERSION = YES;
				CLANG_WARN_OBJC_IMPLICIT_RETAIN_SELF = YES;
				CLANG_WARN_OBJC_LITERAL_CONVERSION = YES;
				CLANG_WARN_OBJC_ROOT_CLASS = YES_ERROR;
				CLANG_WARN_QUOTED_INCLUDE_IN_FRAMEWORK_HEADER = YES;
				CLANG_WARN_RANGE_LOOP_ANALYSIS = YES;
				CLANG_WARN_STRICT_PROTOTYPES = YES;
				CLANG_WARN_SUSPICIOUS_MOVE = YES;
				CLANG_WARN_UNGUARDED_AVAILABILITY = YES_AGGRESSIVE;
				CLANG_WARN_UNREACHABLE_CODE = YES;
				CLANG_WARN__DUPLICATE_METHOD_MATCH = YES;
				COPY_PHASE_STRIP = NO;
				DEBUG_INFORMATION_FORMAT = "dwarf-with-dsym";
				ENABLE_NS_ASSERTIONS = NO;
				ENABLE_STRICT_OBJC_MSGSEND = YES;
				GCC_C_LANGUAGE_STANDARD = gnu11;
				GCC_NO_COMMON_BLOCKS = YES;
				GCC_WARN_64_TO_32_BIT_CONVERSION = YES;
				GCC_WARN_ABOUT_RETURN_TYPE = YES_ERROR;
				GCC_WARN_UNDECLARED_SELECTOR = YES;
				GCC_WARN_UNINITIALIZED_AUTOS = YES_AGGRESSIVE;
				GCC_WARN_UNUSED_FUNCTION = YES;
				GCC_WARN_UNUSED_VARIABLE = YES;
				IPHONEOS_DEPLOYMENT_TARGET = 13.0;
				MTL_ENABLE_DEBUG_INFO = NO;
				MTL_FAST_MATH = YES;
				SDKROOT = iphoneos;
				SWIFT_COMPILATION_MODE = wholemodule;
				SWIFT_OPTIMIZATION_LEVEL = "-O";
				VALIDATE_PRODUCT = YES;
			};
			name = Release;
		};
		E39BDC1D286C34B800993A15 /* Debug */ = {
			isa = XCBuildConfiguration;
			buildSettings = {
				ASSETCATALOG_COMPILER_APPICON_NAME = AppIcon;
				ASSETCATALOG_COMPILER_GLOBAL_ACCENT_COLOR_NAME = AccentColor;
				CODE_SIGN_STYLE = Automatic;
				CURRENT_PROJECT_VERSION = 1;
				DEVELOPMENT_TEAM = LFKPMBHSSG;
				GENERATE_INFOPLIST_FILE = YES;
				INFOPLIST_FILE = Movies/Info.plist;
				INFOPLIST_KEY_UIApplicationSupportsIndirectInputEvents = YES;
				INFOPLIST_KEY_UILaunchStoryboardName = LaunchScreen;
				INFOPLIST_KEY_UISupportedInterfaceOrientations_iPad = "UIInterfaceOrientationPortrait UIInterfaceOrientationPortraitUpsideDown UIInterfaceOrientationLandscapeLeft UIInterfaceOrientationLandscapeRight";
				INFOPLIST_KEY_UISupportedInterfaceOrientations_iPhone = "UIInterfaceOrientationPortrait UIInterfaceOrientationLandscapeLeft UIInterfaceOrientationLandscapeRight";
				LD_RUNPATH_SEARCH_PATHS = (
					"$(inherited)",
					"@executable_path/Frameworks",
				);
				MARKETING_VERSION = 1.0;
				PRODUCT_BUNDLE_IDENTIFIER = study.Movies;
				PRODUCT_NAME = "$(TARGET_NAME)";
				SWIFT_EMIT_LOC_STRINGS = YES;
				SWIFT_VERSION = 5.0;
				TARGETED_DEVICE_FAMILY = "1,2";
			};
			name = Debug;
		};
		E39BDC1E286C34B800993A15 /* Release */ = {
			isa = XCBuildConfiguration;
			buildSettings = {
				ASSETCATALOG_COMPILER_APPICON_NAME = AppIcon;
				ASSETCATALOG_COMPILER_GLOBAL_ACCENT_COLOR_NAME = AccentColor;
				CODE_SIGN_STYLE = Automatic;
				CURRENT_PROJECT_VERSION = 1;
				DEVELOPMENT_TEAM = LFKPMBHSSG;
				GENERATE_INFOPLIST_FILE = YES;
				INFOPLIST_FILE = Movies/Info.plist;
				INFOPLIST_KEY_UIApplicationSupportsIndirectInputEvents = YES;
				INFOPLIST_KEY_UILaunchStoryboardName = LaunchScreen;
				INFOPLIST_KEY_UISupportedInterfaceOrientations_iPad = "UIInterfaceOrientationPortrait UIInterfaceOrientationPortraitUpsideDown UIInterfaceOrientationLandscapeLeft UIInterfaceOrientationLandscapeRight";
				INFOPLIST_KEY_UISupportedInterfaceOrientations_iPhone = "UIInterfaceOrientationPortrait UIInterfaceOrientationLandscapeLeft UIInterfaceOrientationLandscapeRight";
				LD_RUNPATH_SEARCH_PATHS = (
					"$(inherited)",
					"@executable_path/Frameworks",
				);
				MARKETING_VERSION = 1.0;
				PRODUCT_BUNDLE_IDENTIFIER = study.Movies;
				PRODUCT_NAME = "$(TARGET_NAME)";
				SWIFT_EMIT_LOC_STRINGS = YES;
				SWIFT_VERSION = 5.0;
				TARGETED_DEVICE_FAMILY = "1,2";
			};
			name = Release;
		};
		E39BDC20286C34B800993A15 /* Debug */ = {
			isa = XCBuildConfiguration;
			buildSettings = {
				ALWAYS_EMBED_SWIFT_STANDARD_LIBRARIES = YES;
				BUNDLE_LOADER = "$(TEST_HOST)";
				CODE_SIGN_STYLE = Automatic;
				CURRENT_PROJECT_VERSION = 1;
				DEVELOPMENT_TEAM = LFKPMBHSSG;
				GENERATE_INFOPLIST_FILE = YES;
				IPHONEOS_DEPLOYMENT_TARGET = 15.5;
				MARKETING_VERSION = 1.0;
				PRODUCT_BUNDLE_IDENTIFIER = study.MoviesTests;
				PRODUCT_NAME = "$(TARGET_NAME)";
				SWIFT_EMIT_LOC_STRINGS = NO;
				SWIFT_VERSION = 5.0;
				TARGETED_DEVICE_FAMILY = "1,2";
				TEST_HOST = "$(BUILT_PRODUCTS_DIR)/Movies.app/Movies";
			};
			name = Debug;
		};
		E39BDC21286C34B800993A15 /* Release */ = {
			isa = XCBuildConfiguration;
			buildSettings = {
				ALWAYS_EMBED_SWIFT_STANDARD_LIBRARIES = YES;
				BUNDLE_LOADER = "$(TEST_HOST)";
				CODE_SIGN_STYLE = Automatic;
				CURRENT_PROJECT_VERSION = 1;
				DEVELOPMENT_TEAM = LFKPMBHSSG;
				GENERATE_INFOPLIST_FILE = YES;
				IPHONEOS_DEPLOYMENT_TARGET = 15.5;
				MARKETING_VERSION = 1.0;
				PRODUCT_BUNDLE_IDENTIFIER = study.MoviesTests;
				PRODUCT_NAME = "$(TARGET_NAME)";
				SWIFT_EMIT_LOC_STRINGS = NO;
				SWIFT_VERSION = 5.0;
				TARGETED_DEVICE_FAMILY = "1,2";
				TEST_HOST = "$(BUILT_PRODUCTS_DIR)/Movies.app/Movies";
			};
			name = Release;
		};
		E39BDC23286C34B800993A15 /* Debug */ = {
			isa = XCBuildConfiguration;
			buildSettings = {
				ALWAYS_EMBED_SWIFT_STANDARD_LIBRARIES = YES;
				CODE_SIGN_STYLE = Automatic;
				CURRENT_PROJECT_VERSION = 1;
				DEVELOPMENT_TEAM = LFKPMBHSSG;
				GENERATE_INFOPLIST_FILE = YES;
				MARKETING_VERSION = 1.0;
				PRODUCT_BUNDLE_IDENTIFIER = study.MoviesUITests;
				PRODUCT_NAME = "$(TARGET_NAME)";
				SWIFT_EMIT_LOC_STRINGS = NO;
				SWIFT_VERSION = 5.0;
				TARGETED_DEVICE_FAMILY = "1,2";
				TEST_TARGET_NAME = Movies;
			};
			name = Debug;
		};
		E39BDC24286C34B800993A15 /* Release */ = {
			isa = XCBuildConfiguration;
			buildSettings = {
				ALWAYS_EMBED_SWIFT_STANDARD_LIBRARIES = YES;
				CODE_SIGN_STYLE = Automatic;
				CURRENT_PROJECT_VERSION = 1;
				DEVELOPMENT_TEAM = LFKPMBHSSG;
				GENERATE_INFOPLIST_FILE = YES;
				MARKETING_VERSION = 1.0;
				PRODUCT_BUNDLE_IDENTIFIER = study.MoviesUITests;
				PRODUCT_NAME = "$(TARGET_NAME)";
				SWIFT_EMIT_LOC_STRINGS = NO;
				SWIFT_VERSION = 5.0;
				TARGETED_DEVICE_FAMILY = "1,2";
				TEST_TARGET_NAME = Movies;
			};
			name = Release;
		};
/* End XCBuildConfiguration section */

/* Begin XCConfigurationList section */
		E39BDBED286C34B600993A15 /* Build configuration list for PBXProject "Movies" */ = {
			isa = XCConfigurationList;
			buildConfigurations = (
				E39BDC1A286C34B800993A15 /* Debug */,
				E39BDC1B286C34B800993A15 /* Release */,
			);
			defaultConfigurationIsVisible = 0;
			defaultConfigurationName = Release;
		};
		E39BDC1C286C34B800993A15 /* Build configuration list for PBXNativeTarget "Movies" */ = {
			isa = XCConfigurationList;
			buildConfigurations = (
				E39BDC1D286C34B800993A15 /* Debug */,
				E39BDC1E286C34B800993A15 /* Release */,
			);
			defaultConfigurationIsVisible = 0;
			defaultConfigurationName = Release;
		};
		E39BDC1F286C34B800993A15 /* Build configuration list for PBXNativeTarget "MoviesTests" */ = {
			isa = XCConfigurationList;
			buildConfigurations = (
				E39BDC20286C34B800993A15 /* Debug */,
				E39BDC21286C34B800993A15 /* Release */,
			);
			defaultConfigurationIsVisible = 0;
			defaultConfigurationName = Release;
		};
		E39BDC22286C34B800993A15 /* Build configuration list for PBXNativeTarget "MoviesUITests" */ = {
			isa = XCConfigurationList;
			buildConfigurations = (
				E39BDC23286C34B800993A15 /* Debug */,
				E39BDC24286C34B800993A15 /* Release */,
			);
			defaultConfigurationIsVisible = 0;
			defaultConfigurationName = Release;
		};
/* End XCConfigurationList section */

/* Begin XCRemoteSwiftPackageReference section */
		E398A3AB28728C020041318B /* XCRemoteSwiftPackageReference "SDWebImage" */ = {
			isa = XCRemoteSwiftPackageReference;
			repositoryURL = "https://github.com/SDWebImage/SDWebImage.git";
			requirement = {
				branch = master;
				kind = branch;
			};
		};
		E39BDC35286C539300993A15 /* XCRemoteSwiftPackageReference "SnapKit" */ = {
			isa = XCRemoteSwiftPackageReference;
			repositoryURL = "https://github.com/SnapKit/SnapKit";
			requirement = {
				kind = exactVersion;
				version = 5.6.0;
			};
		};
/* End XCRemoteSwiftPackageReference section */

/* Begin XCSwiftPackageProductDependency section */
		E398A3AC28728C020041318B /* SDWebImage */ = {
			isa = XCSwiftPackageProductDependency;
			package = E398A3AB28728C020041318B /* XCRemoteSwiftPackageReference "SDWebImage" */;
			productName = SDWebImage;
		};
		E398A3AE28728C020041318B /* SDWebImageMapKit */ = {
			isa = XCSwiftPackageProductDependency;
			package = E398A3AB28728C020041318B /* XCRemoteSwiftPackageReference "SDWebImage" */;
			productName = SDWebImageMapKit;
		};
		E39BDC36286C539300993A15 /* SnapKit */ = {
			isa = XCSwiftPackageProductDependency;
			package = E39BDC35286C539300993A15 /* XCRemoteSwiftPackageReference "SnapKit" */;
			productName = SnapKit;
		};
/* End XCSwiftPackageProductDependency section */
	};
	rootObject = E39BDBEA286C34B600993A15 /* Project object */;
}
